
Microsoft Visual Studio Solution File, Format Version 12.00
# Visual Studio Version 17
VisualStudioVersion = 17.0.31903.59
MinimumVisualStudioVersion = 10.0.40219.1
Project("{2150E333-8FDC-42A3-9474-1A3956D46DE8}") = "Environment", "Environment", "{12A06B57-144C-3356-BA85-27668F092FDF}"
EndProject
Project("{2150E333-8FDC-42A3-9474-1A3956D46DE8}") = "Lambdas", "Lambdas", "{7081D31C-A702-8B0D-BE9C-7B61AC51F963}"
EndProject
Project("{2150E333-8FDC-42A3-9474-1A3956D46DE8}") = "PostGisInstaller", "PostGisInstaller", "{6D8CBD6F-E2C6-F950-B32E-45346A39A862}"
EndProject
Project("{2150E333-8FDC-42A3-9474-1A3956D46DE8}") = "src", "src", "{599539B4-BF26-7E2A-2FAE-8F6B69CFEF10}"
EndProject
Project("{2150E333-8FDC-42A3-9474-1A3956D46DE8}") = "test", "test", "{F744FAED-5BEC-9470-4C93-A1782F36CAF3}"
EndProject
Project("{2150E333-8FDC-42A3-9474-1A3956D46DE8}") = "Identity", "Identity", "{2FA89949-C014-61E3-9766-4043502A0423}"
EndProject
Project("{2150E333-8FDC-42A3-9474-1A3956D46DE8}") = "Lambdas", "Lambdas", "{E7330A18-FD63-58CE-2CEA-4BF55D6D0812}"
EndProject
Project("{2150E333-8FDC-42A3-9474-1A3956D46DE8}") = "RegisterAdopter", "RegisterAdopter", "{E08568CF-E2C9-9311-5710-F97A1EB63C71}"
EndProject
Project("{2150E333-8FDC-42A3-9474-1A3956D46DE8}") = "RegisterAdopter", "RegisterAdopter", "{CF47AC4F-3519-1330-D677-2DBC20C21E16}"
EndProject
Project("{2150E333-8FDC-42A3-9474-1A3956D46DE8}") = "src", "src", "{0D4E37D0-8E11-D221-BD7B-3F2E6AB6DE82}"
EndProject
Project("{FAE04EC0-301F-11D3-BF4B-00C04F79EFBC}") = "RegisterAdopter", "Identity\Lambdas\RegisterAdopter\RegisterAdopter\src\RegisterAdopter\RegisterAdopter.csproj", "{96AA5044-650B-48FF-B6E6-1D107DE98DE2}"
EndProject
Project("{2150E333-8FDC-42A3-9474-1A3956D46DE8}") = "test", "test", "{49A63B3A-F0DE-D96E-83DF-173CBCB73EDB}"
EndProject
Project("{FAE04EC0-301F-11D3-BF4B-00C04F79EFBC}") = "RegisterAdopter.Tests", "Identity\Lambdas\RegisterAdopter\RegisterAdopter\test\RegisterAdopter.Tests\RegisterAdopter.Tests.csproj", "{7E24F7D8-3DC5-4E5C-84A8-B112D5EBA8E8}"
EndProject
Project("{2150E333-8FDC-42A3-9474-1A3956D46DE8}") = "SendVerificationEmail", "SendVerificationEmail", "{81A1329F-2813-2158-9799-FD17AE91641E}"
EndProject
Project("{2150E333-8FDC-42A3-9474-1A3956D46DE8}") = "SendVerificationEmail", "SendVerificationEmail", "{16B27DFA-4832-9497-C587-12DBA461768A}"
EndProject
Project("{2150E333-8FDC-42A3-9474-1A3956D46DE8}") = "src", "src", "{B2D37A10-0D9B-BF8E-97AE-89B3DEFD6D07}"
EndProject
Project("{FAE04EC0-301F-11D3-BF4B-00C04F79EFBC}") = "SendVerificationEmail", "Identity\Lambdas\SendVerificationEmail\SendVerificationEmail\src\SendVerificationEmail\SendVerificationEmail.csproj", "{9A0450BB-CB38-4C0B-ADA2-C9584553035C}"
EndProject
Project("{2150E333-8FDC-42A3-9474-1A3956D46DE8}") = "src", "src", "{0B8C44FC-5460-A3E1-DE5C-C1BBD4563E77}"
EndProject
Project("{FAE04EC0-301F-11D3-BF4B-00C04F79EFBC}") = "SendVerificationEmail", "Identity\Lambdas\SendVerificationEmail\src\SendVerificationEmail\SendVerificationEmail.csproj", "{7614E8C6-5740-4086-BCEC-D3A2B2464463}"
EndProject
Project("{2150E333-8FDC-42A3-9474-1A3956D46DE8}") = "test", "test", "{4811851D-80B9-9C0A-C6B5-EEB0A1373823}"
EndProject
Project("{FAE04EC0-301F-11D3-BF4B-00C04F79EFBC}") = "SendVerificationEmail.Tests", "Identity\Lambdas\SendVerificationEmail\test\SendVerificationEmail.Tests\SendVerificationEmail.Tests.csproj", "{9799977F-F937-4014-90B5-1F559FC166B4}"
EndProject
Project("{2150E333-8FDC-42A3-9474-1A3956D46DE8}") = "src", "src", "{E22018BF-4864-13AE-3253-E9B96153D2F9}"
EndProject
Project("{FAE04EC0-301F-11D3-BF4B-00C04F79EFBC}") = "RegisterAdopter", "Identity\Lambdas\RegisterAdopter\src\RegisterAdopter\RegisterAdopter.csproj", "{ED23DBB3-1489-489C-98B4-9C3863FBD794}"
EndProject
Project("{2150E333-8FDC-42A3-9474-1A3956D46DE8}") = "VerifyCode", "VerifyCode", "{1EB2CDAD-0B00-A4CF-2792-A11860B5CEA3}"
EndProject
Project("{2150E333-8FDC-42A3-9474-1A3956D46DE8}") = "src", "src", "{BCC7716E-DE6E-2F17-C136-3DE13F18C5F8}"
EndProject
Project("{FAE04EC0-301F-11D3-BF4B-00C04F79EFBC}") = "VerifyCode", "Identity\Lambdas\VerifyCode\src\VerifyCode\VerifyCode.csproj", "{5070461C-7AE0-4303-83FD-75C9833945A0}"
EndProject
Project("{2150E333-8FDC-42A3-9474-1A3956D46DE8}") = "test", "test", "{9E07849C-FAAF-DA7B-EB87-1ECD4F459BA0}"
EndProject
Project("{FAE04EC0-301F-11D3-BF4B-00C04F79EFBC}") = "VerifyCode.Tests", "Identity\Lambdas\VerifyCode\test\VerifyCode.Tests\VerifyCode.Tests.csproj", "{668E4E81-8BAE-41B5-88CB-6E7FA0A28717}"
EndProject
Global
	GlobalSection(SolutionConfigurationPlatforms) = preSolution
		Debug|Any CPU = Debug|Any CPU
		Debug|x64 = Debug|x64
		Debug|x86 = Debug|x86
		Release|Any CPU = Release|Any CPU
		Release|x64 = Release|x64
		Release|x86 = Release|x86
	EndGlobalSection
	GlobalSection(ProjectConfigurationPlatforms) = postSolution
		{96AA5044-650B-48FF-B6E6-1D107DE98DE2}.Debug|Any CPU.ActiveCfg = Debug|Any CPU
		{96AA5044-650B-48FF-B6E6-1D107DE98DE2}.Debug|Any CPU.Build.0 = Debug|Any CPU
		{96AA5044-650B-48FF-B6E6-1D107DE98DE2}.Debug|x64.ActiveCfg = Debug|Any CPU
		{96AA5044-650B-48FF-B6E6-1D107DE98DE2}.Debug|x64.Build.0 = Debug|Any CPU
		{96AA5044-650B-48FF-B6E6-1D107DE98DE2}.Debug|x86.ActiveCfg = Debug|Any CPU
		{96AA5044-650B-48FF-B6E6-1D107DE98DE2}.Debug|x86.Build.0 = Debug|Any CPU
		{96AA5044-650B-48FF-B6E6-1D107DE98DE2}.Release|Any CPU.ActiveCfg = Release|Any CPU
		{96AA5044-650B-48FF-B6E6-1D107DE98DE2}.Release|Any CPU.Build.0 = Release|Any CPU
		{96AA5044-650B-48FF-B6E6-1D107DE98DE2}.Release|x64.ActiveCfg = Release|Any CPU
		{96AA5044-650B-48FF-B6E6-1D107DE98DE2}.Release|x64.Build.0 = Release|Any CPU
		{96AA5044-650B-48FF-B6E6-1D107DE98DE2}.Release|x86.ActiveCfg = Release|Any CPU
		{96AA5044-650B-48FF-B6E6-1D107DE98DE2}.Release|x86.Build.0 = Release|Any CPU
		{7E24F7D8-3DC5-4E5C-84A8-B112D5EBA8E8}.Debug|Any CPU.ActiveCfg = Debug|Any CPU
		{7E24F7D8-3DC5-4E5C-84A8-B112D5EBA8E8}.Debug|Any CPU.Build.0 = Debug|Any CPU
		{7E24F7D8-3DC5-4E5C-84A8-B112D5EBA8E8}.Debug|x64.ActiveCfg = Debug|Any CPU
		{7E24F7D8-3DC5-4E5C-84A8-B112D5EBA8E8}.Debug|x64.Build.0 = Debug|Any CPU
		{7E24F7D8-3DC5-4E5C-84A8-B112D5EBA8E8}.Debug|x86.ActiveCfg = Debug|Any CPU
		{7E24F7D8-3DC5-4E5C-84A8-B112D5EBA8E8}.Debug|x86.Build.0 = Debug|Any CPU
		{7E24F7D8-3DC5-4E5C-84A8-B112D5EBA8E8}.Release|Any CPU.ActiveCfg = Release|Any CPU
		{7E24F7D8-3DC5-4E5C-84A8-B112D5EBA8E8}.Release|Any CPU.Build.0 = Release|Any CPU
		{7E24F7D8-3DC5-4E5C-84A8-B112D5EBA8E8}.Release|x64.ActiveCfg = Release|Any CPU
		{7E24F7D8-3DC5-4E5C-84A8-B112D5EBA8E8}.Release|x64.Build.0 = Release|Any CPU
		{7E24F7D8-3DC5-4E5C-84A8-B112D5EBA8E8}.Release|x86.ActiveCfg = Release|Any CPU
		{7E24F7D8-3DC5-4E5C-84A8-B112D5EBA8E8}.Release|x86.Build.0 = Release|Any CPU
		{9A0450BB-CB38-4C0B-ADA2-C9584553035C}.Debug|Any CPU.ActiveCfg = Debug|Any CPU
		{9A0450BB-CB38-4C0B-ADA2-C9584553035C}.Debug|Any CPU.Build.0 = Debug|Any CPU
		{9A0450BB-CB38-4C0B-ADA2-C9584553035C}.Debug|x64.ActiveCfg = Debug|Any CPU
		{9A0450BB-CB38-4C0B-ADA2-C9584553035C}.Debug|x64.Build.0 = Debug|Any CPU
		{9A0450BB-CB38-4C0B-ADA2-C9584553035C}.Debug|x86.ActiveCfg = Debug|Any CPU
		{9A0450BB-CB38-4C0B-ADA2-C9584553035C}.Debug|x86.Build.0 = Debug|Any CPU
		{9A0450BB-CB38-4C0B-ADA2-C9584553035C}.Release|Any CPU.ActiveCfg = Release|Any CPU
		{9A0450BB-CB38-4C0B-ADA2-C9584553035C}.Release|Any CPU.Build.0 = Release|Any CPU
		{9A0450BB-CB38-4C0B-ADA2-C9584553035C}.Release|x64.ActiveCfg = Release|Any CPU
		{9A0450BB-CB38-4C0B-ADA2-C9584553035C}.Release|x64.Build.0 = Release|Any CPU
		{9A0450BB-CB38-4C0B-ADA2-C9584553035C}.Release|x86.ActiveCfg = Release|Any CPU
		{9A0450BB-CB38-4C0B-ADA2-C9584553035C}.Release|x86.Build.0 = Release|Any CPU
		{7614E8C6-5740-4086-BCEC-D3A2B2464463}.Debug|Any CPU.ActiveCfg = Debug|Any CPU
		{7614E8C6-5740-4086-BCEC-D3A2B2464463}.Debug|Any CPU.Build.0 = Debug|Any CPU
		{7614E8C6-5740-4086-BCEC-D3A2B2464463}.Debug|x64.ActiveCfg = Debug|Any CPU
		{7614E8C6-5740-4086-BCEC-D3A2B2464463}.Debug|x64.Build.0 = Debug|Any CPU
		{7614E8C6-5740-4086-BCEC-D3A2B2464463}.Debug|x86.ActiveCfg = Debug|Any CPU
		{7614E8C6-5740-4086-BCEC-D3A2B2464463}.Debug|x86.Build.0 = Debug|Any CPU
		{7614E8C6-5740-4086-BCEC-D3A2B2464463}.Release|Any CPU.ActiveCfg = Release|Any CPU
		{7614E8C6-5740-4086-BCEC-D3A2B2464463}.Release|Any CPU.Build.0 = Release|Any CPU
		{7614E8C6-5740-4086-BCEC-D3A2B2464463}.Release|x64.ActiveCfg = Release|Any CPU
		{7614E8C6-5740-4086-BCEC-D3A2B2464463}.Release|x64.Build.0 = Release|Any CPU
		{7614E8C6-5740-4086-BCEC-D3A2B2464463}.Release|x86.ActiveCfg = Release|Any CPU
		{7614E8C6-5740-4086-BCEC-D3A2B2464463}.Release|x86.Build.0 = Release|Any CPU
		{9799977F-F937-4014-90B5-1F559FC166B4}.Debug|Any CPU.ActiveCfg = Debug|Any CPU
		{9799977F-F937-4014-90B5-1F559FC166B4}.Debug|Any CPU.Build.0 = Debug|Any CPU
		{9799977F-F937-4014-90B5-1F559FC166B4}.Debug|x64.ActiveCfg = Debug|Any CPU
		{9799977F-F937-4014-90B5-1F559FC166B4}.Debug|x64.Build.0 = Debug|Any CPU
		{9799977F-F937-4014-90B5-1F559FC166B4}.Debug|x86.ActiveCfg = Debug|Any CPU
		{9799977F-F937-4014-90B5-1F559FC166B4}.Debug|x86.Build.0 = Debug|Any CPU
		{9799977F-F937-4014-90B5-1F559FC166B4}.Release|Any CPU.ActiveCfg = Release|Any CPU
		{9799977F-F937-4014-90B5-1F559FC166B4}.Release|Any CPU.Build.0 = Release|Any CPU
		{9799977F-F937-4014-90B5-1F559FC166B4}.Release|x64.ActiveCfg = Release|Any CPU
		{9799977F-F937-4014-90B5-1F559FC166B4}.Release|x64.Build.0 = Release|Any CPU
		{9799977F-F937-4014-90B5-1F559FC166B4}.Release|x86.ActiveCfg = Release|Any CPU
		{9799977F-F937-4014-90B5-1F559FC166B4}.Release|x86.Build.0 = Release|Any CPU
		{ED23DBB3-1489-489C-98B4-9C3863FBD794}.Debug|Any CPU.ActiveCfg = Debug|Any CPU
		{ED23DBB3-1489-489C-98B4-9C3863FBD794}.Debug|Any CPU.Build.0 = Debug|Any CPU
		{ED23DBB3-1489-489C-98B4-9C3863FBD794}.Debug|x64.ActiveCfg = Debug|Any CPU
		{ED23DBB3-1489-489C-98B4-9C3863FBD794}.Debug|x64.Build.0 = Debug|Any CPU
		{ED23DBB3-1489-489C-98B4-9C3863FBD794}.Debug|x86.ActiveCfg = Debug|Any CPU
		{ED23DBB3-1489-489C-98B4-9C3863FBD794}.Debug|x86.Build.0 = Debug|Any CPU
		{ED23DBB3-1489-489C-98B4-9C3863FBD794}.Release|Any CPU.ActiveCfg = Release|Any CPU
		{ED23DBB3-1489-489C-98B4-9C3863FBD794}.Release|Any CPU.Build.0 = Release|Any CPU
		{ED23DBB3-1489-489C-98B4-9C3863FBD794}.Release|x64.ActiveCfg = Release|Any CPU
		{ED23DBB3-1489-489C-98B4-9C3863FBD794}.Release|x64.Build.0 = Release|Any CPU
		{ED23DBB3-1489-489C-98B4-9C3863FBD794}.Release|x86.ActiveCfg = Release|Any CPU
		{ED23DBB3-1489-489C-98B4-9C3863FBD794}.Release|x86.Build.0 = Release|Any CPU
		{5070461C-7AE0-4303-83FD-75C9833945A0}.Debug|Any CPU.ActiveCfg = Debug|Any CPU
		{5070461C-7AE0-4303-83FD-75C9833945A0}.Debug|Any CPU.Build.0 = Debug|Any CPU
		{5070461C-7AE0-4303-83FD-75C9833945A0}.Debug|x64.ActiveCfg = Debug|Any CPU
		{5070461C-7AE0-4303-83FD-75C9833945A0}.Debug|x64.Build.0 = Debug|Any CPU
		{5070461C-7AE0-4303-83FD-75C9833945A0}.Debug|x86.ActiveCfg = Debug|Any CPU
		{5070461C-7AE0-4303-83FD-75C9833945A0}.Debug|x86.Build.0 = Debug|Any CPU
		{5070461C-7AE0-4303-83FD-75C9833945A0}.Release|Any CPU.ActiveCfg = Release|Any CPU
		{5070461C-7AE0-4303-83FD-75C9833945A0}.Release|Any CPU.Build.0 = Release|Any CPU
		{5070461C-7AE0-4303-83FD-75C9833945A0}.Release|x64.ActiveCfg = Release|Any CPU
		{5070461C-7AE0-4303-83FD-75C9833945A0}.Release|x64.Build.0 = Release|Any CPU
		{5070461C-7AE0-4303-83FD-75C9833945A0}.Release|x86.ActiveCfg = Release|Any CPU
		{5070461C-7AE0-4303-83FD-75C9833945A0}.Release|x86.Build.0 = Release|Any CPU
		{668E4E81-8BAE-41B5-88CB-6E7FA0A28717}.Debug|Any CPU.ActiveCfg = Debug|Any CPU
		{668E4E81-8BAE-41B5-88CB-6E7FA0A28717}.Debug|Any CPU.Build.0 = Debug|Any CPU
		{668E4E81-8BAE-41B5-88CB-6E7FA0A28717}.Debug|x64.ActiveCfg = Debug|Any CPU
		{668E4E81-8BAE-41B5-88CB-6E7FA0A28717}.Debug|x64.Build.0 = Debug|Any CPU
		{668E4E81-8BAE-41B5-88CB-6E7FA0A28717}.Debug|x86.ActiveCfg = Debug|Any CPU
		{668E4E81-8BAE-41B5-88CB-6E7FA0A28717}.Debug|x86.Build.0 = Debug|Any CPU
		{668E4E81-8BAE-41B5-88CB-6E7FA0A28717}.Release|Any CPU.ActiveCfg = Release|Any CPU
		{668E4E81-8BAE-41B5-88CB-6E7FA0A28717}.Release|Any CPU.Build.0 = Release|Any CPU
		{668E4E81-8BAE-41B5-88CB-6E7FA0A28717}.Release|x64.ActiveCfg = Release|Any CPU
		{668E4E81-8BAE-41B5-88CB-6E7FA0A28717}.Release|x64.Build.0 = Release|Any CPU
		{668E4E81-8BAE-41B5-88CB-6E7FA0A28717}.Release|x86.ActiveCfg = Release|Any CPU
		{668E4E81-8BAE-41B5-88CB-6E7FA0A28717}.Release|x86.Build.0 = Release|Any CPU
	EndGlobalSection
	GlobalSection(SolutionProperties) = preSolution
		HideSolutionNode = FALSE
	EndGlobalSection
	GlobalSection(NestedProjects) = preSolution
		{7081D31C-A702-8B0D-BE9C-7B61AC51F963} = {12A06B57-144C-3356-BA85-27668F092FDF}
		{6D8CBD6F-E2C6-F950-B32E-45346A39A862} = {7081D31C-A702-8B0D-BE9C-7B61AC51F963}
		{599539B4-BF26-7E2A-2FAE-8F6B69CFEF10} = {6D8CBD6F-E2C6-F950-B32E-45346A39A862}
		{E7330A18-FD63-58CE-2CEA-4BF55D6D0812} = {2FA89949-C014-61E3-9766-4043502A0423}
		{E08568CF-E2C9-9311-5710-F97A1EB63C71} = {E7330A18-FD63-58CE-2CEA-4BF55D6D0812}
		{CF47AC4F-3519-1330-D677-2DBC20C21E16} = {E08568CF-E2C9-9311-5710-F97A1EB63C71}
		{0D4E37D0-8E11-D221-BD7B-3F2E6AB6DE82} = {CF47AC4F-3519-1330-D677-2DBC20C21E16}
		{96AA5044-650B-48FF-B6E6-1D107DE98DE2} = {0D4E37D0-8E11-D221-BD7B-3F2E6AB6DE82}
		{49A63B3A-F0DE-D96E-83DF-173CBCB73EDB} = {CF47AC4F-3519-1330-D677-2DBC20C21E16}
		{7E24F7D8-3DC5-4E5C-84A8-B112D5EBA8E8} = {49A63B3A-F0DE-D96E-83DF-173CBCB73EDB}
		{81A1329F-2813-2158-9799-FD17AE91641E} = {E7330A18-FD63-58CE-2CEA-4BF55D6D0812}
		{16B27DFA-4832-9497-C587-12DBA461768A} = {81A1329F-2813-2158-9799-FD17AE91641E}
		{B2D37A10-0D9B-BF8E-97AE-89B3DEFD6D07} = {16B27DFA-4832-9497-C587-12DBA461768A}
		{9A0450BB-CB38-4C0B-ADA2-C9584553035C} = {B2D37A10-0D9B-BF8E-97AE-89B3DEFD6D07}
		{0B8C44FC-5460-A3E1-DE5C-C1BBD4563E77} = {81A1329F-2813-2158-9799-FD17AE91641E}
		{7614E8C6-5740-4086-BCEC-D3A2B2464463} = {0B8C44FC-5460-A3E1-DE5C-C1BBD4563E77}
		{4811851D-80B9-9C0A-C6B5-EEB0A1373823} = {81A1329F-2813-2158-9799-FD17AE91641E}
		{9799977F-F937-4014-90B5-1F559FC166B4} = {4811851D-80B9-9C0A-C6B5-EEB0A1373823}
		{E22018BF-4864-13AE-3253-E9B96153D2F9} = {E08568CF-E2C9-9311-5710-F97A1EB63C71}
		{ED23DBB3-1489-489C-98B4-9C3863FBD794} = {E22018BF-4864-13AE-3253-E9B96153D2F9}
		{1EB2CDAD-0B00-A4CF-2792-A11860B5CEA3} = {E7330A18-FD63-58CE-2CEA-4BF55D6D0812}
		{BCC7716E-DE6E-2F17-C136-3DE13F18C5F8} = {1EB2CDAD-0B00-A4CF-2792-A11860B5CEA3}
		{5070461C-7AE0-4303-83FD-75C9833945A0} = {BCC7716E-DE6E-2F17-C136-3DE13F18C5F8}
		{9E07849C-FAAF-DA7B-EB87-1ECD4F459BA0} = {1EB2CDAD-0B00-A4CF-2792-A11860B5CEA3}
		{668E4E81-8BAE-41B5-88CB-6E7FA0A28717} = {9E07849C-FAAF-DA7B-EB87-1ECD4F459BA0}
	EndGlobalSection
EndGlobal
