
Microsoft Visual Studio Solution File, Format Version 12.00
# Visual Studio Version 17
VisualStudioVersion = 17.0.31903.59
MinimumVisualStudioVersion = 10.0.40219.1
Project("{2150E333-8FDC-42A3-9474-1A3956D46DE8}") = "Environment", "Environment", "{12A06B57-144C-3356-BA85-27668F092FDF}"
EndProject
Project("{2150E333-8FDC-42A3-9474-1A3956D46DE8}") = "Lambdas", "Lambdas", "{7081D31C-A702-8B0D-BE9C-7B61AC51F963}"
EndProject
Project("{2150E333-8FDC-42A3-9474-1A3956D46DE8}") = "PostGisInstaller", "PostGisInstaller", "{6D8CBD6F-E2C6-F950-B32E-45346A39A862}"
EndProject
Project("{2150E333-8FDC-42A3-9474-1A3956D46DE8}") = "src", "src", "{599539B4-BF26-7E2A-2FAE-8F6B69CFEF10}"
EndProject
Project("{FAE04EC0-301F-11D3-BF4B-00C04F79EFBC}") = "PostGisInstaller", "Environment\Lambdas\PostGisInstaller\src\PostGisInstaller\PostGisInstaller.csproj", "{CFAE0E60-69DF-4E92-9CB3-59D195DD2518}"
EndProject
Project("{2150E333-8FDC-42A3-9474-1A3956D46DE8}") = "test", "test", "{F744FAED-5BEC-9470-4C93-A1782F36CAF3}"
EndProject
Project("{FAE04EC0-301F-11D3-BF4B-00C04F79EFBC}") = "PostGisInstaller.Tests", "Environment\Lambdas\PostGisInstaller\test\PostGisInstaller.Tests\PostGisInstaller.Tests.csproj", "{C9156FEF-DECC-4281-B5A5-CFC993217061}"
EndProject
Global
	GlobalSection(SolutionConfigurationPlatforms) = preSolution
		Debug|Any CPU = Debug|Any CPU
		Debug|x64 = Debug|x64
		Debug|x86 = Debug|x86
		Release|Any CPU = Release|Any CPU
		Release|x64 = Release|x64
		Release|x86 = Release|x86
	EndGlobalSection
	GlobalSection(ProjectConfigurationPlatforms) = postSolution
		{CFAE0E60-69DF-4E92-9CB3-59D195DD2518}.Debug|Any CPU.ActiveCfg = Debug|Any CPU
		{CFAE0E60-69DF-4E92-9CB3-59D195DD2518}.Debug|Any CPU.Build.0 = Debug|Any CPU
		{CFAE0E60-69DF-4E92-9CB3-59D195DD2518}.Debug|x64.ActiveCfg = Debug|Any CPU
		{CFAE0E60-69DF-4E92-9CB3-59D195DD2518}.Debug|x64.Build.0 = Debug|Any CPU
		{CFAE0E60-69DF-4E92-9CB3-59D195DD2518}.Debug|x86.ActiveCfg = Debug|Any CPU
		{CFAE0E60-69DF-4E92-9CB3-59D195DD2518}.Debug|x86.Build.0 = Debug|Any CPU
		{CFAE0E60-69DF-4E92-9CB3-59D195DD2518}.Release|Any CPU.ActiveCfg = Release|Any CPU
		{CFAE0E60-69DF-4E92-9CB3-59D195DD2518}.Release|Any CPU.Build.0 = Release|Any CPU
		{CFAE0E60-69DF-4E92-9CB3-59D195DD2518}.Release|x64.ActiveCfg = Release|Any CPU
		{CFAE0E60-69DF-4E92-9CB3-59D195DD2518}.Release|x64.Build.0 = Release|Any CPU
		{CFAE0E60-69DF-4E92-9CB3-59D195DD2518}.Release|x86.ActiveCfg = Release|Any CPU
		{CFAE0E60-69DF-4E92-9CB3-59D195DD2518}.Release|x86.Build.0 = Release|Any CPU
		{C9156FEF-DECC-4281-B5A5-CFC993217061}.Debug|Any CPU.ActiveCfg = Debug|Any CPU
		{C9156FEF-DECC-4281-B5A5-CFC993217061}.Debug|Any CPU.Build.0 = Debug|Any CPU
		{C9156FEF-DECC-4281-B5A5-CFC993217061}.Debug|x64.ActiveCfg = Debug|Any CPU
		{C9156FEF-DECC-4281-B5A5-CFC993217061}.Debug|x64.Build.0 = Debug|Any CPU
		{C9156FEF-DECC-4281-B5A5-CFC993217061}.Debug|x86.ActiveCfg = Debug|Any CPU
		{C9156FEF-DECC-4281-B5A5-CFC993217061}.Debug|x86.Build.0 = Debug|Any CPU
		{C9156FEF-DECC-4281-B5A5-CFC993217061}.Release|Any CPU.ActiveCfg = Release|Any CPU
		{C9156FEF-DECC-4281-B5A5-CFC993217061}.Release|Any CPU.Build.0 = Release|Any CPU
		{C9156FEF-DECC-4281-B5A5-CFC993217061}.Release|x64.ActiveCfg = Release|Any CPU
		{C9156FEF-DECC-4281-B5A5-CFC993217061}.Release|x64.Build.0 = Release|Any CPU
		{C9156FEF-DECC-4281-B5A5-CFC993217061}.Release|x86.ActiveCfg = Release|Any CPU
		{C9156FEF-DECC-4281-B5A5-CFC993217061}.Release|x86.Build.0 = Release|Any CPU
	EndGlobalSection
	GlobalSection(SolutionProperties) = preSolution
		HideSolutionNode = FALSE
	EndGlobalSection
	GlobalSection(NestedProjects) = preSolution
		{7081D31C-A702-8B0D-BE9C-7B61AC51F963} = {12A06B57-144C-3356-BA85-27668F092FDF}
		{6D8CBD6F-E2C6-F950-B32E-45346A39A862} = {7081D31C-A702-8B0D-BE9C-7B61AC51F963}
		{599539B4-BF26-7E2A-2FAE-8F6B69CFEF10} = {6D8CBD6F-E2C6-F950-B32E-45346A39A862}
		{CFAE0E60-69DF-4E92-9CB3-59D195DD2518} = {599539B4-BF26-7E2A-2FAE-8F6B69CFEF10}
		{F744FAED-5BEC-9470-4C93-A1782F36CAF3} = {6D8CBD6F-E2C6-F950-B32E-45346A39A862}
		{C9156FEF-DECC-4281-B5A5-CFC993217061} = {F744FAED-5BEC-9470-4C93-A1782F36CAF3}
	EndGlobalSection
EndGlobal
